// !$*UTF8*$!
{
	archiveVersion = 1;
	classes = {
	};
	objectVersion = 55;
	objects = {

/* Begin PBXBuildFile section */
		2468E6F92850053E008472FC /* AppDelegate.swift in Sources */ = {isa = PBXBuildFile; fileRef = 2468E6F82850053D008472FC /* AppDelegate.swift */; };
		2468E6FB2850053E008472FC /* SceneDelegate.swift in Sources */ = {isa = PBXBuildFile; fileRef = 2468E6FA2850053E008472FC /* SceneDelegate.swift */; };
		2468E6FD2850053E008472FC /* ViewController.swift in Sources */ = {isa = PBXBuildFile; fileRef = 2468E6FC2850053E008472FC /* ViewController.swift */; };
		2468E7002850053E008472FC /* Main.storyboard in Resources */ = {isa = PBXBuildFile; fileRef = 2468E6FE2850053E008472FC /* Main.storyboard */; };
		2468E70228500545008472FC /* Assets.xcassets in Resources */ = {isa = PBXBuildFile; fileRef = 2468E70128500545008472FC /* Assets.xcassets */; };
		2468E70528500545008472FC /* LaunchScreen.storyboard in Resources */ = {isa = PBXBuildFile; fileRef = 2468E70328500545008472FC /* LaunchScreen.storyboard */; };
		2468E7382850229C008472FC /* ImageController.swift in Sources */ = {isa = PBXBuildFile; fileRef = 2468E73728502291008472FC /* ImageController.swift */; };
		2468E73A285022AB008472FC /* NetworkError.swift in Sources */ = {isa = PBXBuildFile; fileRef = 2468E739285022A8008472FC /* NetworkError.swift */; };
		2468E73C285022B2008472FC /* Image.swift in Sources */ = {isa = PBXBuildFile; fileRef = 2468E73B285022B2008472FC /* Image.swift */; };
		2468E73E285022ED008472FC /* CollectionViewCell.swift in Sources */ = {isa = PBXBuildFile; fileRef = 2468E73D285022ED008472FC /* CollectionViewCell.swift */; };
/* End PBXBuildFile section */

/* Begin PBXFileReference section */
		2468E6F52850053D008472FC /* MoodBoardCreator.app */ = {isa = PBXFileReference; explicitFileType = wrapper.application; includeInIndex = 0; path = MoodBoardCreator.app; sourceTree = BUILT_PRODUCTS_DIR; };
		2468E6F82850053D008472FC /* AppDelegate.swift */ = {isa = PBXFileReference; lastKnownFileType = sourcecode.swift; path = AppDelegate.swift; sourceTree = "<group>"; };
		2468E6FA2850053E008472FC /* SceneDelegate.swift */ = {isa = PBXFileReference; lastKnownFileType = sourcecode.swift; path = SceneDelegate.swift; sourceTree = "<group>"; };
		2468E6FC2850053E008472FC /* ViewController.swift */ = {isa = PBXFileReference; lastKnownFileType = sourcecode.swift; path = ViewController.swift; sourceTree = "<group>"; };
		2468E6FF2850053E008472FC /* Base */ = {isa = PBXFileReference; lastKnownFileType = file.storyboard; name = Base; path = Base.lproj/Main.storyboard; sourceTree = "<group>"; };
		2468E70128500545008472FC /* Assets.xcassets */ = {isa = PBXFileReference; lastKnownFileType = folder.assetcatalog; path = Assets.xcassets; sourceTree = "<group>"; };
		2468E70428500545008472FC /* Base */ = {isa = PBXFileReference; lastKnownFileType = file.storyboard; name = Base; path = Base.lproj/LaunchScreen.storyboard; sourceTree = "<group>"; };
		2468E70628500545008472FC /* Info.plist */ = {isa = PBXFileReference; lastKnownFileType = text.plist.xml; path = Info.plist; sourceTree = "<group>"; };
		2468E73628502219008472FC /* Secrets.xcconfig */ = {isa = PBXFileReference; lastKnownFileType = text.xcconfig; path = Secrets.xcconfig; sourceTree = "<group>"; };
		2468E73728502291008472FC /* ImageController.swift */ = {isa = PBXFileReference; lastKnownFileType = sourcecode.swift; path = ImageController.swift; sourceTree = "<group>"; };
		2468E739285022A8008472FC /* NetworkError.swift */ = {isa = PBXFileReference; lastKnownFileType = sourcecode.swift; path = NetworkError.swift; sourceTree = "<group>"; };
		2468E73B285022B2008472FC /* Image.swift */ = {isa = PBXFileReference; lastKnownFileType = sourcecode.swift; path = Image.swift; sourceTree = "<group>"; };
		2468E73D285022ED008472FC /* CollectionViewCell.swift */ = {isa = PBXFileReference; lastKnownFileType = sourcecode.swift; path = CollectionViewCell.swift; sourceTree = "<group>"; };
/* End PBXFileReference section */

/* Begin PBXFrameworksBuildPhase section */
		2468E6F22850053D008472FC /* Frameworks */ = {
			isa = PBXFrameworksBuildPhase;
			buildActionMask = 2147483647;
			files = (
			);
			runOnlyForDeploymentPostprocessing = 0;
		};
/* End PBXFrameworksBuildPhase section */

/* Begin PBXGroup section */
		2468E6EC2850053D008472FC = {
			isa = PBXGroup;
			children = (
				2468E73628502219008472FC /* Secrets.xcconfig */,
				2468E6F72850053D008472FC /* MoodBoardCreator */,
				2468E6F62850053D008472FC /* Products */,
			);
			sourceTree = "<group>";
		};
		2468E6F62850053D008472FC /* Products */ = {
			isa = PBXGroup;
			children = (
				2468E6F52850053D008472FC /* MoodBoardCreator.app */,
			);
			name = Products;
			sourceTree = "<group>";
		};
		2468E6F72850053D008472FC /* MoodBoardCreator */ = {
			isa = PBXGroup;
			children = (
				2468E73D285022ED008472FC /* CollectionViewCell.swift */,
				2468E739285022A8008472FC /* NetworkError.swift */,
				2468E73728502291008472FC /* ImageController.swift */,
				2468E6F82850053D008472FC /* AppDelegate.swift */,
				2468E6FA2850053E008472FC /* SceneDelegate.swift */,
				2468E6FC2850053E008472FC /* ViewController.swift */,
				2468E6FE2850053E008472FC /* Main.storyboard */,
				2468E70128500545008472FC /* Assets.xcassets */,
				2468E70328500545008472FC /* LaunchScreen.storyboard */,
				2468E70628500545008472FC /* Info.plist */,
				2468E73B285022B2008472FC /* Image.swift */,
			);
			path = MoodBoardCreator;
			sourceTree = "<group>";
		};
/* End PBXGroup section */

/* Begin PBXNativeTarget section */
		2468E6F42850053D008472FC /* MoodBoardCreator */ = {
			isa = PBXNativeTarget;
			buildConfigurationList = 2468E70928500545008472FC /* Build configuration list for PBXNativeTarget "MoodBoardCreator" */;
			buildPhases = (
				2468E6F12850053D008472FC /* Sources */,
				2468E6F22850053D008472FC /* Frameworks */,
				2468E6F32850053D008472FC /* Resources */,
			);
			buildRules = (
			);
			dependencies = (
			);
			name = MoodBoardCreator;
			productName = MoodBoardCreator;
			productReference = 2468E6F52850053D008472FC /* MoodBoardCreator.app */;
			productType = "com.apple.product-type.application";
		};
/* End PBXNativeTarget section */

/* Begin PBXProject section */
		2468E6ED2850053D008472FC /* Project object */ = {
			isa = PBXProject;
			attributes = {
				BuildIndependentTargetsInParallel = 1;
				LastSwiftUpdateCheck = 1340;
				LastUpgradeCheck = 1340;
				TargetAttributes = {
					2468E6F42850053D008472FC = {
						CreatedOnToolsVersion = 13.4;
					};
				};
			};
			buildConfigurationList = 2468E6F02850053D008472FC /* Build configuration list for PBXProject "MoodBoardCreator" */;
			compatibilityVersion = "Xcode 13.0";
			developmentRegion = en;
			hasScannedForEncodings = 0;
			knownRegions = (
				en,
				Base,
			);
			mainGroup = 2468E6EC2850053D008472FC;
			productRefGroup = 2468E6F62850053D008472FC /* Products */;
			projectDirPath = "";
			projectRoot = "";
			targets = (
				2468E6F42850053D008472FC /* MoodBoardCreator */,
			);
		};
/* End PBXProject section */

/* Begin PBXResourcesBuildPhase section */
		2468E6F32850053D008472FC /* Resources */ = {
			isa = PBXResourcesBuildPhase;
			buildActionMask = 2147483647;
			files = (
				2468E70528500545008472FC /* LaunchScreen.storyboard in Resources */,
				2468E70228500545008472FC /* Assets.xcassets in Resources */,
				2468E7002850053E008472FC /* Main.storyboard in Resources */,
			);
			runOnlyForDeploymentPostprocessing = 0;
		};
/* End PBXResourcesBuildPhase section */

/* Begin PBXSourcesBuildPhase section */
		2468E6F12850053D008472FC /* Sources */ = {
			isa = PBXSourcesBuildPhase;
			buildActionMask = 2147483647;
			files = (
				2468E6FD2850053E008472FC /* ViewController.swift in Sources */,
				2468E73C285022B2008472FC /* Image.swift in Sources */,
				2468E6F92850053E008472FC /* AppDelegate.swift in Sources */,
				2468E73E285022ED008472FC /* CollectionViewCell.swift in Sources */,
				2468E6FB2850053E008472FC /* SceneDelegate.swift in Sources */,
				2468E7382850229C008472FC /* ImageController.swift in Sources */,
				2468E73A285022AB008472FC /* NetworkError.swift in Sources */,
			);
			runOnlyForDeploymentPostprocessing = 0;
		};
/* End PBXSourcesBuildPhase section */

/* Begin PBXVariantGroup section */
		2468E6FE2850053E008472FC /* Main.storyboard */ = {
			isa = PBXVariantGroup;
			children = (
				2468E6FF2850053E008472FC /* Base */,
			);
			name = Main.storyboard;
			sourceTree = "<group>";
		};
		2468E70328500545008472FC /* LaunchScreen.storyboard */ = {
			isa = PBXVariantGroup;
			children = (
				2468E70428500545008472FC /* Base */,
			);
			name = LaunchScreen.storyboard;
			sourceTree = "<group>";
		};
/* End PBXVariantGroup section */

/* Begin XCBuildConfiguration section */
		2468E70728500545008472FC /* Debug */ = {
			isa = XCBuildConfiguration;
			baseConfigurationReference = 2468E73628502219008472FC /* Secrets.xcconfig */;
			buildSettings = {
				ALWAYS_SEARCH_USER_PATHS = NO;
				CLANG_ANALYZER_NONNULL = YES;
				CLANG_ANALYZER_NUMBER_OBJECT_CONVERSION = YES_AGGRESSIVE;
				CLANG_CXX_LANGUAGE_STANDARD = "gnu++17";
				CLANG_ENABLE_MODULES = YES;
				CLANG_ENABLE_OBJC_ARC = YES;
				CLANG_ENABLE_OBJC_WEAK = YES;
				CLANG_WARN_BLOCK_CAPTURE_AUTORELEASING = YES;
				CLANG_WARN_BOOL_CONVERSION = YES;
				CLANG_WARN_COMMA = YES;
				CLANG_WARN_CONSTANT_CONVERSION = YES;
				CLANG_WARN_DEPRECATED_OBJC_IMPLEMENTATIONS = YES;
				CLANG_WARN_DIRECT_OBJC_ISA_USAGE = YES_ERROR;
				CLANG_WARN_DOCUMENTATION_COMMENTS = YES;
				CLANG_WARN_EMPTY_BODY = YES;
				CLANG_WARN_ENUM_CONVERSION = YES;
				CLANG_WARN_INFINITE_RECURSION = YES;
				CLANG_WARN_INT_CONVERSION = YES;
				CLANG_WARN_NON_LITERAL_NULL_CONVERSION = YES;
				CLANG_WARN_OBJC_IMPLICIT_RETAIN_SELF = YES;
				CLANG_WARN_OBJC_LITERAL_CONVERSION = YES;
				CLANG_WARN_OBJC_ROOT_CLASS = YES_ERROR;
				CLANG_WARN_QUOTED_INCLUDE_IN_FRAMEWORK_HEADER = YES;
				CLANG_WARN_RANGE_LOOP_ANALYSIS = YES;
				CLANG_WARN_STRICT_PROTOTYPES = YES;
				CLANG_WARN_SUSPICIOUS_MOVE = YES;
				CLANG_WARN_UNGUARDED_AVAILABILITY = YES_AGGRESSIVE;
				CLANG_WARN_UNREACHABLE_CODE = YES;
				CLANG_WARN__DUPLICATE_METHOD_MATCH = YES;
				COPY_PHASE_STRIP = NO;
				DEBUG_INFORMATION_FORMAT = dwarf;
				ENABLE_STRICT_OBJC_MSGSEND = YES;
				ENABLE_TESTABILITY = YES;
				GCC_C_LANGUAGE_STANDARD = gnu11;
				GCC_DYNAMIC_NO_PIC = NO;
				GCC_NO_COMMON_BLOCKS = YES;
				GCC_OPTIMIZATION_LEVEL = 0;
				GCC_PREPROCESSOR_DEFINITIONS = (
					"DEBUG=1",
					"$(inherited)",
				);
				GCC_WARN_64_TO_32_BIT_CONVERSION = YES;
				GCC_WARN_ABOUT_RETURN_TYPE = YES_ERROR;
				GCC_WARN_UNDECLARED_SELECTOR = YES;
				GCC_WARN_UNINITIALIZED_AUTOS = YES_AGGRESSIVE;
				GCC_WARN_UNUSED_FUNCTION = YES;
				GCC_WARN_UNUSED_VARIABLE = YES;
				IPHONEOS_DEPLOYMENT_TARGET = 15.5;
				MTL_ENABLE_DEBUG_INFO = INCLUDE_SOURCE;
				MTL_FAST_MATH = YES;
				ONLY_ACTIVE_ARCH = YES;
				SDKROOT = iphoneos;
				SWIFT_ACTIVE_COMPILATION_CONDITIONS = DEBUG;
				SWIFT_OPTIMIZATION_LEVEL = "-Onone";
			};
			name = Debug;
		};
		2468E70828500545008472FC /* Release */ = {
			isa = XCBuildConfiguration;
			baseConfigurationReference = 2468E73628502219008472FC /* Secrets.xcconfig */;
			buildSettings = {
				ALWAYS_SEARCH_USER_PATHS = NO;
				CLANG_ANALYZER_NONNULL = YES;
				CLANG_ANALYZER_NUMBER_OBJECT_CONVERSION = YES_AGGRESSIVE;
				CLANG_CXX_LANGUAGE_STANDARD = "gnu++17";
				CLANG_ENABLE_MODULES = YES;
				CLANG_ENABLE_OBJC_ARC = YES;
				CLANG_ENABLE_OBJC_WEAK = YES;
				CLANG_WARN_BLOCK_CAPTURE_AUTORELEASING = YES;
				CLANG_WARN_BOOL_CONVERSION = YES;
				CLANG_WARN_COMMA = YES;
				CLANG_WARN_CONSTANT_CONVERSION = YES;
				CLANG_WARN_DEPRECATED_OBJC_IMPLEMENTATIONS = YES;
				CLANG_WARN_DIRECT_OBJC_ISA_USAGE = YES_ERROR;
				CLANG_WARN_DOCUMENTATION_COMMENTS = YES;
				CLANG_WARN_EMPTY_BODY = YES;
				CLANG_WARN_ENUM_CONVERSION = YES;
				CLANG_WARN_INFINITE_RECURSION = YES;
				CLANG_WARN_INT_CONVERSION = YES;
				CLANG_WARN_NON_LITERAL_NULL_CONVERSION = YES;
				CLANG_WARN_OBJC_IMPLICIT_RETAIN_SELF = YES;
				CLANG_WARN_OBJC_LITERAL_CONVERSION = YES;
				CLANG_WARN_OBJC_ROOT_CLASS = YES_ERROR;
				CLANG_WARN_QUOTED_INCLUDE_IN_FRAMEWORK_HEADER = YES;
				CLANG_WARN_RANGE_LOOP_ANALYSIS = YES;
				CLANG_WARN_STRICT_PROTOTYPES = YES;
				CLANG_WARN_SUSPICIOUS_MOVE = YES;
				CLANG_WARN_UNGUARDED_AVAILABILITY = YES_AGGRESSIVE;
				CLANG_WARN_UNREACHABLE_CODE = YES;
				CLANG_WARN__DUPLICATE_METHOD_MATCH = YES;
				COPY_PHASE_STRIP = NO;
				DEBUG_INFORMATION_FORMAT = "dwarf-with-dsym";
				ENABLE_NS_ASSERTIONS = NO;
				ENABLE_STRICT_OBJC_MSGSEND = YES;
				GCC_C_LANGUAGE_STANDARD = gnu11;
				GCC_NO_COMMON_BLOCKS = YES;
				GCC_WARN_64_TO_32_BIT_CONVERSION = YES;
				GCC_WARN_ABOUT_RETURN_TYPE = YES_ERROR;
				GCC_WARN_UNDECLARED_SELECTOR = YES;
				GCC_WARN_UNINITIALIZED_AUTOS = YES_AGGRESSIVE;
				GCC_WARN_UNUSED_FUNCTION = YES;
				GCC_WARN_UNUSED_VARIABLE = YES;
				IPHONEOS_DEPLOYMENT_TARGET = 15.5;
				MTL_ENABLE_DEBUG_INFO = NO;
				MTL_FAST_MATH = YES;
				SDKROOT = iphoneos;
				SWIFT_COMPILATION_MODE = wholemodule;
				SWIFT_OPTIMIZATION_LEVEL = "-O";
				VALIDATE_PRODUCT = YES;
			};
			name = Release;
		};
		2468E70A28500545008472FC /* Debug */ = {
			isa = XCBuildConfiguration;
			buildSettings = {
				ASSETCATALOG_COMPILER_APPICON_NAME = AppIcon;
				ASSETCATALOG_COMPILER_GLOBAL_ACCENT_COLOR_NAME = AccentColor;
				CODE_SIGN_STYLE = Automatic;
				CURRENT_PROJECT_VERSION = 1;
				DEVELOPMENT_TEAM = X39HH6F75Z;
				GENERATE_INFOPLIST_FILE = YES;
				INFOPLIST_FILE = MoodBoardCreator/Info.plist;
				INFOPLIST_KEY_UIApplicationSupportsIndirectInputEvents = YES;
				INFOPLIST_KEY_UILaunchStoryboardName = LaunchScreen;
				INFOPLIST_KEY_UIMainStoryboardFile = Main;
				INFOPLIST_KEY_UISupportedInterfaceOrientations_iPad = "UIInterfaceOrientationPortrait UIInterfaceOrientationPortraitUpsideDown UIInterfaceOrientationLandscapeLeft UIInterfaceOrientationLandscapeRight";
				INFOPLIST_KEY_UISupportedInterfaceOrientations_iPhone = "UIInterfaceOrientationPortrait UIInterfaceOrientationLandscapeLeft UIInterfaceOrientationLandscapeRight";
				LD_RUNPATH_SEARCH_PATHS = (
					"$(inherited)",
					"@executable_path/Frameworks",
				);
				MARKETING_VERSION = 1.0;
				PRODUCT_BUNDLE_IDENTIFIER = com.example.MoodBoardCreator;
				PRODUCT_NAME = "$(TARGET_NAME)";
				SWIFT_EMIT_LOC_STRINGS = YES;
				SWIFT_VERSION = 5.0;
				TARGETED_DEVICE_FAMILY = "1,2";
			};
			name = Debug;
		};
		2468E70B28500545008472FC /* Release */ = {
			isa = XCBuildConfiguration;
			buildSettings = {
				ASSETCATALOG_COMPILER_APPICON_NAME = AppIcon;
				ASSETCATALOG_COMPILER_GLOBAL_ACCENT_COLOR_NAME = AccentColor;
				CODE_SIGN_STYLE = Automatic;
				CURRENT_PROJECT_VERSION = 1;
				DEVELOPMENT_TEAM = X39HH6F75Z;
				GENERATE_INFOPLIST_FILE = YES;
				INFOPLIST_FILE = MoodBoardCreator/Info.plist;
				INFOPLIST_KEY_UIApplicationSupportsIndirectInputEvents = YES;
				INFOPLIST_KEY_UILaunchStoryboardName = LaunchScreen;
				INFOPLIST_KEY_UIMainStoryboardFile = Main;
				INFOPLIST_KEY_UISupportedInterfaceOrientations_iPad = "UIInterfaceOrientationPortrait UIInterfaceOrientationPortraitUpsideDown UIInterfaceOrientationLandscapeLeft UIInterfaceOrientationLandscapeRight";
				INFOPLIST_KEY_UISupportedInterfaceOrientations_iPhone = "UIInterfaceOrientationPortrait UIInterfaceOrientationLandscapeLeft UIInterfaceOrientationLandscapeRight";
				LD_RUNPATH_SEARCH_PATHS = (
					"$(inherited)",
					"@executable_path/Frameworks",
				);
				MARKETING_VERSION = 1.0;
				PRODUCT_BUNDLE_IDENTIFIER = com.example.MoodBoardCreator;
				PRODUCT_NAME = "$(TARGET_NAME)";
				SWIFT_EMIT_LOC_STRINGS = YES;
				SWIFT_VERSION = 5.0;
				TARGETED_DEVICE_FAMILY = "1,2";
			};
			name = Release;
		};
/* End XCBuildConfiguration section */

/* Begin XCConfigurationList section */
		2468E6F02850053D008472FC /* Build configuration list for PBXProject "MoodBoardCreator" */ = {
			isa = XCConfigurationList;
			buildConfigurations = (
				2468E70728500545008472FC /* Debug */,
				2468E70828500545008472FC /* Release */,
			);
			defaultConfigurationIsVisible = 0;
			defaultConfigurationName = Release;
		};
		2468E70928500545008472FC /* Build configuration list for PBXNativeTarget "MoodBoardCreator" */ = {
			isa = XCConfigurationList;
			buildConfigurations = (
				2468E70A28500545008472FC /* Debug */,
				2468E70B28500545008472FC /* Release */,
			);
			defaultConfigurationIsVisible = 0;
			defaultConfigurationName = Release;
		};
/* End XCConfigurationList section */
	};
	rootObject = 2468E6ED2850053D008472FC /* Project object */;
}
